
Microsoft Visual Studio Solution File, Format Version 12.00
# Visual Studio Version 17
VisualStudioVersion = 17.14.36908.2
MinimumVisualStudioVersion = 10.0.40219.1
Project("{FAE04EC0-301F-11D3-BF4B-00C04F79EFBC}") = "RequestManagementSystem", "RequestManagementSystem\RequestManagementSystem.csproj", "{61A9700A-9256-4976-8989-95EF5B86CD4C}"
EndProject
Project("{2150E333-8FDC-42A3-9474-1A3956D46DE8}") = "Solution Items", "Solution Items", "{8EC462FD-D22E-90A8-E5CE-7E832BA40C5D}"
	ProjectSection(SolutionItems) = preProject
		.gitignore = .gitignore
	EndProjectSection
EndProject
Project("{FAE04EC0-301F-11D3-BF4B-00C04F79EFBC}") = "EntityLayer", "EntityLayer\EntityLayer.csproj", "{31F488D9-2F94-4821-B4EE-98AD813BB944}"
EndProject
Project("{FAE04EC0-301F-11D3-BF4B-00C04F79EFBC}") = "DataAccessLayer", "DataAccessLayer\DataAccessLayer.csproj", "{3A9FDD87-7C1A-499F-AC0D-4A952DB9BE93}"
EndProject
Project("{FAE04EC0-301F-11D3-BF4B-00C04F79EFBC}") = "BusinessLayer", "BusinessLayer\BusinessLayer.csproj", "{307C0270-9F02-46A3-B58F-840E623AA850}"
EndProject
Global
	GlobalSection(SolutionConfigurationPlatforms) = preSolution
		Debug|Any CPU = Debug|Any CPU
		Release|Any CPU = Release|Any CPU
	EndGlobalSection
	GlobalSection(ProjectConfigurationPlatforms) = postSolution
		{61A9700A-9256-4976-8989-95EF5B86CD4C}.Debug|Any CPU.ActiveCfg = Debug|Any CPU
		{61A9700A-9256-4976-8989-95EF5B86CD4C}.Debug|Any CPU.Build.0 = Debug|Any CPU
		{61A9700A-9256-4976-8989-95EF5B86CD4C}.Release|Any CPU.ActiveCfg = Release|Any CPU
		{61A9700A-9256-4976-8989-95EF5B86CD4C}.Release|Any CPU.Build.0 = Release|Any CPU
		{31F488D9-2F94-4821-B4EE-98AD813BB944}.Debug|Any CPU.ActiveCfg = Debug|Any CPU
		{31F488D9-2F94-4821-B4EE-98AD813BB944}.Debug|Any CPU.Build.0 = Debug|Any CPU
		{31F488D9-2F94-4821-B4EE-98AD813BB944}.Release|Any CPU.ActiveCfg = Release|Any CPU
		{31F488D9-2F94-4821-B4EE-98AD813BB944}.Release|Any CPU.Build.0 = Release|Any CPU
		{3A9FDD87-7C1A-499F-AC0D-4A952DB9BE93}.Debug|Any CPU.ActiveCfg = Debug|Any CPU
		{3A9FDD87-7C1A-499F-AC0D-4A952DB9BE93}.Debug|Any CPU.Build.0 = Debug|Any CPU
		{3A9FDD87-7C1A-499F-AC0D-4A952DB9BE93}.Release|Any CPU.ActiveCfg = Release|Any CPU
		{3A9FDD87-7C1A-499F-AC0D-4A952DB9BE93}.Release|Any CPU.Build.0 = Release|Any CPU
		{307C0270-9F02-46A3-B58F-840E623AA850}.Debug|Any CPU.ActiveCfg = Debug|Any CPU
		{307C0270-9F02-46A3-B58F-840E623AA850}.Debug|Any CPU.Build.0 = Debug|Any CPU
		{307C0270-9F02-46A3-B58F-840E623AA850}.Release|Any CPU.ActiveCfg = Release|Any CPU
		{307C0270-9F02-46A3-B58F-840E623AA850}.Release|Any CPU.Build.0 = Release|Any CPU
	EndGlobalSection
	GlobalSection(SolutionProperties) = preSolution
		HideSolutionNode = FALSE
	EndGlobalSection
	GlobalSection(ExtensibilityGlobals) = postSolution
		SolutionGuid = {39A6196D-3E77-412B-A59F-05E8233BA2E0}
	EndGlobalSection
EndGlobal
